# THIS IS AN AUTOGENERATED FILE. DO NOT EDIT THIS FILE DIRECTLY.
# yarn lockfile v1


deepmerge@^4.2.2:
  version "4.2.2"
  resolved "https://registry.yarnpkg.com/deepmerge/-/deepmerge-4.2.2.tgz#44d2ea3679b8f4d4ffba33f03d865fc1e7bf4955"
  integrity sha512-FJ3UgI4gIl+PHZm53knsuSFpE+nESMr7M4v9QcgB7S63Kj/6WqMiFQJpBBYz1Pt+66bZpP3Q7Lye0Oo9MPKEdg==

js-parse-key-value@^1.0.3:
  version "1.0.3"
  resolved "https://registry.yarnpkg.com/js-parse-key-value/-/js-parse-key-value-1.0.3.tgz#9d23988b6ce02cb0b1c26b9c43dccff3fac87963"
  integrity sha512-H7vJIo6cLS9mspujuf6Lji0WzVqQFU4h+Nxgc5Ra7CjF/mCGnO0kn6KKMFjaoMoevgmRU3yn0tEPYoAtKVqfeA==
